
Microsoft Visual Studio Solution File, Format Version 12.00
# Visual Studio Version 17
VisualStudioVersion = 17.5.33424.131
MinimumVisualStudioVersion = 10.0.40219.1
Project("{FAE04EC0-301F-11D3-BF4B-00C04F79EFBC}") = "Homework5", "Homework5.csproj", "{FC9F1266-C665-4ECE-AE6D-64A7BAA540B5}"
EndProject
Global
	GlobalSection(SolutionConfigurationPlatforms) = preSolution
		Debug|Any CPU = Debug|Any CPU
		Release|Any CPU = Release|Any CPU
	EndGlobalSection
	GlobalSection(ProjectConfigurationPlatforms) = postSolution
		{FC9F1266-C665-4ECE-AE6D-64A7BAA540B5}.Debug|Any CPU.ActiveCfg = Debug|Any CPU
		{FC9F1266-C665-4ECE-AE6D-64A7BAA540B5}.Debug|Any CPU.Build.0 = Debug|Any CPU
		{FC9F1266-C665-4ECE-AE6D-64A7BAA540B5}.Release|Any CPU.ActiveCfg = Release|Any CPU
		{FC9F1266-C665-4ECE-AE6D-64A7BAA540B5}.Release|Any CPU.Build.0 = Release|Any CPU
	EndGlobalSection
	GlobalSection(SolutionProperties) = preSolution
		HideSolutionNode = FALSE
	EndGlobalSection
	GlobalSection(ExtensibilityGlobals) = postSolution
		SolutionGuid = {8158EC21-BDA0-491D-AB2A-A2A44557E60B}
	EndGlobalSection
EndGlobal
